// !$*UTF8*$!
{
	archiveVersion = 1;
	classes = {
	};
	objectVersion = 56;
	objects = {

/* Begin PBXBuildFile section */
		6656D8EA2AB6064C0092FE07 /* SecondView.swift in Sources */ = {isa = PBXBuildFile; fileRef = 6656D8E92AB6064C0092FE07 /* SecondView.swift */; };
		6680FEA82AB71F56009508B9 /* DetailView.swift in Sources */ = {isa = PBXBuildFile; fileRef = 6680FEA72AB71F56009508B9 /* DetailView.swift */; };
		6689A22C2AB2F30D006FC450 /* custom_fontApp.swift in Sources */ = {isa = PBXBuildFile; fileRef = 6689A22B2AB2F30D006FC450 /* custom_fontApp.swift */; };
		6689A22E2AB2F30D006FC450 /* ContentView.swift in Sources */ = {isa = PBXBuildFile; fileRef = 6689A22D2AB2F30D006FC450 /* ContentView.swift */; };
		6689A2302AB2F30E006FC450 /* Assets.xcassets in Resources */ = {isa = PBXBuildFile; fileRef = 6689A22F2AB2F30E006FC450 /* Assets.xcassets */; };
		6689A2332AB2F30E006FC450 /* Preview Assets.xcassets in Resources */ = {isa = PBXBuildFile; fileRef = 6689A2322AB2F30E006FC450 /* Preview Assets.xcassets */; };
		6689A23D2AB2F30E006FC450 /* custom_fontTests.swift in Sources */ = {isa = PBXBuildFile; fileRef = 6689A23C2AB2F30E006FC450 /* custom_fontTests.swift */; };
		6689A2472AB2F30E006FC450 /* custom_fontUITests.swift in Sources */ = {isa = PBXBuildFile; fileRef = 6689A2462AB2F30E006FC450 /* custom_fontUITests.swift */; };
		6689A2492AB2F30E006FC450 /* custom_fontUITestsLaunchTests.swift in Sources */ = {isa = PBXBuildFile; fileRef = 6689A2482AB2F30E006FC450 /* custom_fontUITestsLaunchTests.swift */; };
		6689A2582AB2FB84006FC450 /* Vividlyviethoa-Regular.ttf in Resources */ = {isa = PBXBuildFile; fileRef = 6689A2572AB2FB84006FC450 /* Vividlyviethoa-Regular.ttf */; };
/* End PBXBuildFile section */

/* Begin PBXContainerItemProxy section */
		6689A2392AB2F30E006FC450 /* PBXContainerItemProxy */ = {
			isa = PBXContainerItemProxy;
			containerPortal = 6689A2202AB2F30D006FC450 /* Project object */;
			proxyType = 1;
			remoteGlobalIDString = 6689A2272AB2F30D006FC450;
			remoteInfo = custom_font;
		};
		6689A2432AB2F30E006FC450 /* PBXContainerItemProxy */ = {
			isa = PBXContainerItemProxy;
			containerPortal = 6689A2202AB2F30D006FC450 /* Project object */;
			proxyType = 1;
			remoteGlobalIDString = 6689A2272AB2F30D006FC450;
			remoteInfo = custom_font;
		};
/* End PBXContainerItemProxy section */

/* Begin PBXFileReference section */
		6656D8E92AB6064C0092FE07 /* SecondView.swift */ = {isa = PBXFileReference; lastKnownFileType = sourcecode.swift; path = SecondView.swift; sourceTree = "<group>"; };
		6680FEA72AB71F56009508B9 /* DetailView.swift */ = {isa = PBXFileReference; lastKnownFileType = sourcecode.swift; path = DetailView.swift; sourceTree = "<group>"; };
		6689A2282AB2F30D006FC450 /* custom_font.app */ = {isa = PBXFileReference; explicitFileType = wrapper.application; includeInIndex = 0; path = custom_font.app; sourceTree = BUILT_PRODUCTS_DIR; };
		6689A22B2AB2F30D006FC450 /* custom_fontApp.swift */ = {isa = PBXFileReference; lastKnownFileType = sourcecode.swift; path = custom_fontApp.swift; sourceTree = "<group>"; };
		6689A22D2AB2F30D006FC450 /* ContentView.swift */ = {isa = PBXFileReference; lastKnownFileType = sourcecode.swift; path = ContentView.swift; sourceTree = "<group>"; };
		6689A22F2AB2F30E006FC450 /* Assets.xcassets */ = {isa = PBXFileReference; lastKnownFileType = folder.assetcatalog; path = Assets.xcassets; sourceTree = "<group>"; };
		6689A2322AB2F30E006FC450 /* Preview Assets.xcassets */ = {isa = PBXFileReference; lastKnownFileType = folder.assetcatalog; path = "Preview Assets.xcassets"; sourceTree = "<group>"; };
		6689A2382AB2F30E006FC450 /* custom_fontTests.xctest */ = {isa = PBXFileReference; explicitFileType = wrapper.cfbundle; includeInIndex = 0; path = custom_fontTests.xctest; sourceTree = BUILT_PRODUCTS_DIR; };
		6689A23C2AB2F30E006FC450 /* custom_fontTests.swift */ = {isa = PBXFileReference; lastKnownFileType = sourcecode.swift; path = custom_fontTests.swift; sourceTree = "<group>"; };
		6689A2422AB2F30E006FC450 /* custom_fontUITests.xctest */ = {isa = PBXFileReference; explicitFileType = wrapper.cfbundle; includeInIndex = 0; path = custom_fontUITests.xctest; sourceTree = BUILT_PRODUCTS_DIR; };
		6689A2462AB2F30E006FC450 /* custom_fontUITests.swift */ = {isa = PBXFileReference; lastKnownFileType = sourcecode.swift; path = custom_fontUITests.swift; sourceTree = "<group>"; };
		6689A2482AB2F30E006FC450 /* custom_fontUITestsLaunchTests.swift */ = {isa = PBXFileReference; lastKnownFileType = sourcecode.swift; path = custom_fontUITestsLaunchTests.swift; sourceTree = "<group>"; };
		6689A2552AB2F600006FC450 /* Vividlyviethoa-Regular.ttf */ = {isa = PBXFileReference; lastKnownFileType = file; name = "Vividlyviethoa-Regular.ttf"; path = "../../../../Downloads/Vividlyviethoa-Regular.ttf"; sourceTree = "<group>"; };
		6689A2572AB2FB84006FC450 /* Vividlyviethoa-Regular.ttf */ = {isa = PBXFileReference; lastKnownFileType = file; path = "Vividlyviethoa-Regular.ttf"; sourceTree = "<group>"; };
		6689A2592AB2FC31006FC450 /* custom-font-Info.plist */ = {isa = PBXFileReference; lastKnownFileType = text.plist; path = "custom-font-Info.plist"; sourceTree = SOURCE_ROOT; };
/* End PBXFileReference section */

/* Begin PBXFrameworksBuildPhase section */
		6689A2252AB2F30D006FC450 /* Frameworks */ = {
			isa = PBXFrameworksBuildPhase;
			buildActionMask = 2147483647;
			files = (
			);
			runOnlyForDeploymentPostprocessing = 0;
		};
		6689A2352AB2F30E006FC450 /* Frameworks */ = {
			isa = PBXFrameworksBuildPhase;
			buildActionMask = 2147483647;
			files = (
			);
			runOnlyForDeploymentPostprocessing = 0;
		};
		6689A23F2AB2F30E006FC450 /* Frameworks */ = {
			isa = PBXFrameworksBuildPhase;
			buildActionMask = 2147483647;
			files = (
			);
			runOnlyForDeploymentPostprocessing = 0;
		};
/* End PBXFrameworksBuildPhase section */

/* Begin PBXGroup section */
		6689A21F2AB2F30D006FC450 = {
			isa = PBXGroup;
			children = (
				6689A2552AB2F600006FC450 /* Vividlyviethoa-Regular.ttf */,
				6689A22A2AB2F30D006FC450 /* custom_font */,
				6689A23B2AB2F30E006FC450 /* custom_fontTests */,
				6689A2452AB2F30E006FC450 /* custom_fontUITests */,
				6689A2292AB2F30D006FC450 /* Products */,
			);
			sourceTree = "<group>";
		};
		6689A2292AB2F30D006FC450 /* Products */ = {
			isa = PBXGroup;
			children = (
				6689A2282AB2F30D006FC450 /* custom_font.app */,
				6689A2382AB2F30E006FC450 /* custom_fontTests.xctest */,
				6689A2422AB2F30E006FC450 /* custom_fontUITests.xctest */,
			);
			name = Products;
			sourceTree = "<group>";
		};
		6689A22A2AB2F30D006FC450 /* custom_font */ = {
			isa = PBXGroup;
			children = (
				6689A2592AB2FC31006FC450 /* custom-font-Info.plist */,
				6689A2572AB2FB84006FC450 /* Vividlyviethoa-Regular.ttf */,
				6689A22B2AB2F30D006FC450 /* custom_fontApp.swift */,
				6689A22D2AB2F30D006FC450 /* ContentView.swift */,
				6656D8E92AB6064C0092FE07 /* SecondView.swift */,
				6689A22F2AB2F30E006FC450 /* Assets.xcassets */,
				6689A2312AB2F30E006FC450 /* Preview Content */,
				6680FEA72AB71F56009508B9 /* DetailView.swift */,
			);
			path = custom_font;
			sourceTree = "<group>";
		};
		6689A2312AB2F30E006FC450 /* Preview Content */ = {
			isa = PBXGroup;
			children = (
				6689A2322AB2F30E006FC450 /* Preview Assets.xcassets */,
			);
			path = "Preview Content";
			sourceTree = "<group>";
		};
		6689A23B2AB2F30E006FC450 /* custom_fontTests */ = {
			isa = PBXGroup;
			children = (
				6689A23C2AB2F30E006FC450 /* custom_fontTests.swift */,
			);
			path = custom_fontTests;
			sourceTree = "<group>";
		};
		6689A2452AB2F30E006FC450 /* custom_fontUITests */ = {
			isa = PBXGroup;
			children = (
				6689A2462AB2F30E006FC450 /* custom_fontUITests.swift */,
				6689A2482AB2F30E006FC450 /* custom_fontUITestsLaunchTests.swift */,
			);
			path = custom_fontUITests;
			sourceTree = "<group>";
		};
/* End PBXGroup section */

/* Begin PBXNativeTarget section */
		6689A2272AB2F30D006FC450 /* custom_font */ = {
			isa = PBXNativeTarget;
			buildConfigurationList = 6689A24C2AB2F30F006FC450 /* Build configuration list for PBXNativeTarget "custom_font" */;
			buildPhases = (
				6689A2242AB2F30D006FC450 /* Sources */,
				6689A2252AB2F30D006FC450 /* Frameworks */,
				6689A2262AB2F30D006FC450 /* Resources */,
			);
			buildRules = (
			);
			dependencies = (
			);
			name = custom_font;
			productName = custom_font;
			productReference = 6689A2282AB2F30D006FC450 /* custom_font.app */;
			productType = "com.apple.product-type.application";
		};
		6689A2372AB2F30E006FC450 /* custom_fontTests */ = {
			isa = PBXNativeTarget;
			buildConfigurationList = 6689A24F2AB2F30F006FC450 /* Build configuration list for PBXNativeTarget "custom_fontTests" */;
			buildPhases = (
				6689A2342AB2F30E006FC450 /* Sources */,
				6689A2352AB2F30E006FC450 /* Frameworks */,
				6689A2362AB2F30E006FC450 /* Resources */,
			);
			buildRules = (
			);
			dependencies = (
				6689A23A2AB2F30E006FC450 /* PBXTargetDependency */,
			);
			name = custom_fontTests;
			productName = custom_fontTests;
			productReference = 6689A2382AB2F30E006FC450 /* custom_fontTests.xctest */;
			productType = "com.apple.product-type.bundle.unit-test";
		};
		6689A2412AB2F30E006FC450 /* custom_fontUITests */ = {
			isa = PBXNativeTarget;
			buildConfigurationList = 6689A2522AB2F30F006FC450 /* Build configuration list for PBXNativeTarget "custom_fontUITests" */;
			buildPhases = (
				6689A23E2AB2F30E006FC450 /* Sources */,
				6689A23F2AB2F30E006FC450 /* Frameworks */,
				6689A2402AB2F30E006FC450 /* Resources */,
			);
			buildRules = (
			);
			dependencies = (
				6689A2442AB2F30E006FC450 /* PBXTargetDependency */,
			);
			name = custom_fontUITests;
			productName = custom_fontUITests;
			productReference = 6689A2422AB2F30E006FC450 /* custom_fontUITests.xctest */;
			productType = "com.apple.product-type.bundle.ui-testing";
		};
/* End PBXNativeTarget section */

/* Begin PBXProject section */
		6689A2202AB2F30D006FC450 /* Project object */ = {
			isa = PBXProject;
			attributes = {
				BuildIndependentTargetsInParallel = 1;
				LastSwiftUpdateCheck = 1430;
				LastUpgradeCheck = 1430;
				TargetAttributes = {
					6689A2272AB2F30D006FC450 = {
						CreatedOnToolsVersion = 14.3.1;
					};
					6689A2372AB2F30E006FC450 = {
						CreatedOnToolsVersion = 14.3.1;
						TestTargetID = 6689A2272AB2F30D006FC450;
					};
					6689A2412AB2F30E006FC450 = {
						CreatedOnToolsVersion = 14.3.1;
						TestTargetID = 6689A2272AB2F30D006FC450;
					};
				};
			};
			buildConfigurationList = 6689A2232AB2F30D006FC450 /* Build configuration list for PBXProject "custom_font" */;
			compatibilityVersion = "Xcode 14.0";
			developmentRegion = en;
			hasScannedForEncodings = 0;
			knownRegions = (
				en,
				Base,
			);
			mainGroup = 6689A21F2AB2F30D006FC450;
			productRefGroup = 6689A2292AB2F30D006FC450 /* Products */;
			projectDirPath = "";
			projectRoot = "";
			targets = (
				6689A2272AB2F30D006FC450 /* custom_font */,
				6689A2372AB2F30E006FC450 /* custom_fontTests */,
				6689A2412AB2F30E006FC450 /* custom_fontUITests */,
			);
		};
/* End PBXProject section */

/* Begin PBXResourcesBuildPhase section */
		6689A2262AB2F30D006FC450 /* Resources */ = {
			isa = PBXResourcesBuildPhase;
			buildActionMask = 2147483647;
			files = (
				6689A2582AB2FB84006FC450 /* Vividlyviethoa-Regular.ttf in Resources */,
				6689A2332AB2F30E006FC450 /* Preview Assets.xcassets in Resources */,
				6689A2302AB2F30E006FC450 /* Assets.xcassets in Resources */,
			);
			runOnlyForDeploymentPostprocessing = 0;
		};
		6689A2362AB2F30E006FC450 /* Resources */ = {
			isa = PBXResourcesBuildPhase;
			buildActionMask = 2147483647;
			files = (
			);
			runOnlyForDeploymentPostprocessing = 0;
		};
		6689A2402AB2F30E006FC450 /* Resources */ = {
			isa = PBXResourcesBuildPhase;
			buildActionMask = 2147483647;
			files = (
			);
			runOnlyForDeploymentPostprocessing = 0;
		};
/* End PBXResourcesBuildPhase section */

/* Begin PBXSourcesBuildPhase section */
		6689A2242AB2F30D006FC450 /* Sources */ = {
			isa = PBXSourcesBuildPhase;
			buildActionMask = 2147483647;
			files = (
				6656D8EA2AB6064C0092FE07 /* SecondView.swift in Sources */,
				6680FEA82AB71F56009508B9 /* DetailView.swift in Sources */,
				6689A22E2AB2F30D006FC450 /* ContentView.swift in Sources */,
				6689A22C2AB2F30D006FC450 /* custom_fontApp.swift in Sources */,
			);
			runOnlyForDeploymentPostprocessing = 0;
		};
		6689A2342AB2F30E006FC450 /* Sources */ = {
			isa = PBXSourcesBuildPhase;
			buildActionMask = 2147483647;
			files = (
				6689A23D2AB2F30E006FC450 /* custom_fontTests.swift in Sources */,
			);
			runOnlyForDeploymentPostprocessing = 0;
		};
		6689A23E2AB2F30E006FC450 /* Sources */ = {
			isa = PBXSourcesBuildPhase;
			buildActionMask = 2147483647;
			files = (
				6689A2492AB2F30E006FC450 /* custom_fontUITestsLaunchTests.swift in Sources */,
				6689A2472AB2F30E006FC450 /* custom_fontUITests.swift in Sources */,
			);
			runOnlyForDeploymentPostprocessing = 0;
		};
/* End PBXSourcesBuildPhase section */

/* Begin PBXTargetDependency section */
		6689A23A2AB2F30E006FC450 /* PBXTargetDependency */ = {
			isa = PBXTargetDependency;
			target = 6689A2272AB2F30D006FC450 /* custom_font */;
			targetProxy = 6689A2392AB2F30E006FC450 /* PBXContainerItemProxy */;
		};
		6689A2442AB2F30E006FC450 /* PBXTargetDependency */ = {
			isa = PBXTargetDependency;
			target = 6689A2272AB2F30D006FC450 /* custom_font */;
			targetProxy = 6689A2432AB2F30E006FC450 /* PBXContainerItemProxy */;
		};
/* End PBXTargetDependency section */

/* Begin XCBuildConfiguration section */
		6689A24A2AB2F30E006FC450 /* Debug */ = {
			isa = XCBuildConfiguration;
			buildSettings = {
				ALWAYS_SEARCH_USER_PATHS = NO;
				CLANG_ANALYZER_NONNULL = YES;
				CLANG_ANALYZER_NUMBER_OBJECT_CONVERSION = YES_AGGRESSIVE;
				CLANG_CXX_LANGUAGE_STANDARD = "gnu++20";
				CLANG_ENABLE_MODULES = YES;
				CLANG_ENABLE_OBJC_ARC = YES;
				CLANG_ENABLE_OBJC_WEAK = YES;
				CLANG_WARN_BLOCK_CAPTURE_AUTORELEASING = YES;
				CLANG_WARN_BOOL_CONVERSION = YES;
				CLANG_WARN_COMMA = YES;
				CLANG_WARN_CONSTANT_CONVERSION = YES;
				CLANG_WARN_DEPRECATED_OBJC_IMPLEMENTATIONS = YES;
				CLANG_WARN_DIRECT_OBJC_ISA_USAGE = YES_ERROR;
				CLANG_WARN_DOCUMENTATION_COMMENTS = YES;
				CLANG_WARN_EMPTY_BODY = YES;
				CLANG_WARN_ENUM_CONVERSION = YES;
				CLANG_WARN_INFINITE_RECURSION = YES;
				CLANG_WARN_INT_CONVERSION = YES;
				CLANG_WARN_NON_LITERAL_NULL_CONVERSION = YES;
				CLANG_WARN_OBJC_IMPLICIT_RETAIN_SELF = YES;
				CLANG_WARN_OBJC_LITERAL_CONVERSION = YES;
				CLANG_WARN_OBJC_ROOT_CLASS = YES_ERROR;
				CLANG_WARN_QUOTED_INCLUDE_IN_FRAMEWORK_HEADER = YES;
				CLANG_WARN_RANGE_LOOP_ANALYSIS = YES;
				CLANG_WARN_STRICT_PROTOTYPES = YES;
				CLANG_WARN_SUSPICIOUS_MOVE = YES;
				CLANG_WARN_UNGUARDED_AVAILABILITY = YES_AGGRESSIVE;
				CLANG_WARN_UNREACHABLE_CODE = YES;
				CLANG_WARN__DUPLICATE_METHOD_MATCH = YES;
				COPY_PHASE_STRIP = NO;
				DEBUG_INFORMATION_FORMAT = dwarf;
				ENABLE_STRICT_OBJC_MSGSEND = YES;
				ENABLE_TESTABILITY = YES;
				GCC_C_LANGUAGE_STANDARD = gnu11;
				GCC_DYNAMIC_NO_PIC = NO;
				GCC_NO_COMMON_BLOCKS = YES;
				GCC_OPTIMIZATION_LEVEL = 0;
				GCC_PREPROCESSOR_DEFINITIONS = (
					"DEBUG=1",
					"$(inherited)",
				);
				GCC_WARN_64_TO_32_BIT_CONVERSION = YES;
				GCC_WARN_ABOUT_RETURN_TYPE = YES_ERROR;
				GCC_WARN_UNDECLARED_SELECTOR = YES;
				GCC_WARN_UNINITIALIZED_AUTOS = YES_AGGRESSIVE;
				GCC_WARN_UNUSED_FUNCTION = YES;
				GCC_WARN_UNUSED_VARIABLE = YES;
				IPHONEOS_DEPLOYMENT_TARGET = 16.4;
				MTL_ENABLE_DEBUG_INFO = INCLUDE_SOURCE;
				MTL_FAST_MATH = YES;
				ONLY_ACTIVE_ARCH = YES;
				SDKROOT = iphoneos;
				SWIFT_ACTIVE_COMPILATION_CONDITIONS = DEBUG;
				SWIFT_OPTIMIZATION_LEVEL = "-Onone";
			};
			name = Debug;
		};
		6689A24B2AB2F30E006FC450 /* Release */ = {
			isa = XCBuildConfiguration;
			buildSettings = {
				ALWAYS_SEARCH_USER_PATHS = NO;
				CLANG_ANALYZER_NONNULL = YES;
				CLANG_ANALYZER_NUMBER_OBJECT_CONVERSION = YES_AGGRESSIVE;
				CLANG_CXX_LANGUAGE_STANDARD = "gnu++20";
				CLANG_ENABLE_MODULES = YES;
				CLANG_ENABLE_OBJC_ARC = YES;
				CLANG_ENABLE_OBJC_WEAK = YES;
				CLANG_WARN_BLOCK_CAPTURE_AUTORELEASING = YES;
				CLANG_WARN_BOOL_CONVERSION = YES;
				CLANG_WARN_COMMA = YES;
				CLANG_WARN_CONSTANT_CONVERSION = YES;
				CLANG_WARN_DEPRECATED_OBJC_IMPLEMENTATIONS = YES;
				CLANG_WARN_DIRECT_OBJC_ISA_USAGE = YES_ERROR;
				CLANG_WARN_DOCUMENTATION_COMMENTS = YES;
				CLANG_WARN_EMPTY_BODY = YES;
				CLANG_WARN_ENUM_CONVERSION = YES;
				CLANG_WARN_INFINITE_RECURSION = YES;
				CLANG_WARN_INT_CONVERSION = YES;
				CLANG_WARN_NON_LITERAL_NULL_CONVERSION = YES;
				CLANG_WARN_OBJC_IMPLICIT_RETAIN_SELF = YES;
				CLANG_WARN_OBJC_LITERAL_CONVERSION = YES;
				CLANG_WARN_OBJC_ROOT_CLASS = YES_ERROR;
				CLANG_WARN_QUOTED_INCLUDE_IN_FRAMEWORK_HEADER = YES;
				CLANG_WARN_RANGE_LOOP_ANALYSIS = YES;
				CLANG_WARN_STRICT_PROTOTYPES = YES;
				CLANG_WARN_SUSPICIOUS_MOVE = YES;
				CLANG_WARN_UNGUARDED_AVAILABILITY = YES_AGGRESSIVE;
				CLANG_WARN_UNREACHABLE_CODE = YES;
				CLANG_WARN__DUPLICATE_METHOD_MATCH = YES;
				COPY_PHASE_STRIP = NO;
				DEBUG_INFORMATION_FORMAT = "dwarf-with-dsym";
				ENABLE_NS_ASSERTIONS = NO;
				ENABLE_STRICT_OBJC_MSGSEND = YES;
				GCC_C_LANGUAGE_STANDARD = gnu11;
				GCC_NO_COMMON_BLOCKS = YES;
				GCC_WARN_64_TO_32_BIT_CONVERSION = YES;
				GCC_WARN_ABOUT_RETURN_TYPE = YES_ERROR;
				GCC_WARN_UNDECLARED_SELECTOR = YES;
				GCC_WARN_UNINITIALIZED_AUTOS = YES_AGGRESSIVE;
				GCC_WARN_UNUSED_FUNCTION = YES;
				GCC_WARN_UNUSED_VARIABLE = YES;
				IPHONEOS_DEPLOYMENT_TARGET = 16.4;
				MTL_ENABLE_DEBUG_INFO = NO;
				MTL_FAST_MATH = YES;
				SDKROOT = iphoneos;
				SWIFT_COMPILATION_MODE = wholemodule;
				SWIFT_OPTIMIZATION_LEVEL = "-O";
				VALIDATE_PRODUCT = YES;
			};
			name = Release;
		};
		6689A24D2AB2F30F006FC450 /* Debug */ = {
			isa = XCBuildConfiguration;
			buildSettings = {
				ASSETCATALOG_COMPILER_APPICON_NAME = AppIcon;
				ASSETCATALOG_COMPILER_GLOBAL_ACCENT_COLOR_NAME = AccentColor;
				CODE_SIGN_STYLE = Automatic;
				CURRENT_PROJECT_VERSION = 1;
				DEVELOPMENT_ASSET_PATHS = "\"custom_font/Preview Content\"";
				ENABLE_PREVIEWS = YES;
				GENERATE_INFOPLIST_FILE = YES;
				INFOPLIST_FILE = "custom-font-Info.plist";
				INFOPLIST_KEY_UIApplicationSceneManifest_Generation = YES;
				INFOPLIST_KEY_UIApplicationSupportsIndirectInputEvents = YES;
				INFOPLIST_KEY_UILaunchScreen_Generation = YES;
				INFOPLIST_KEY_UISupportedInterfaceOrientations_iPad = "UIInterfaceOrientationPortrait UIInterfaceOrientationPortraitUpsideDown UIInterfaceOrientationLandscapeLeft UIInterfaceOrientationLandscapeRight";
				INFOPLIST_KEY_UISupportedInterfaceOrientations_iPhone = "UIInterfaceOrientationPortrait UIInterfaceOrientationLandscapeLeft UIInterfaceOrientationLandscapeRight";
				LD_RUNPATH_SEARCH_PATHS = (
					"$(inherited)",
					"@executable_path/Frameworks",
				);
				MARKETING_VERSION = 1.0;
				PRODUCT_BUNDLE_IDENTIFIER = "duy.custom-font";
				PRODUCT_NAME = "$(TARGET_NAME)";
				SWIFT_EMIT_LOC_STRINGS = YES;
				SWIFT_VERSION = 5.0;
				TARGETED_DEVICE_FAMILY = "1,2";
			};
			name = Debug;
		};
		6689A24E2AB2F30F006FC450 /* Release */ = {
			isa = XCBuildConfiguration;
			buildSettings = {
				ASSETCATALOG_COMPILER_APPICON_NAME = AppIcon;
				ASSETCATALOG_COMPILER_GLOBAL_ACCENT_COLOR_NAME = AccentColor;
				CODE_SIGN_STYLE = Automatic;
				CURRENT_PROJECT_VERSION = 1;
				DEVELOPMENT_ASSET_PATHS = "\"custom_font/Preview Content\"";
				ENABLE_PREVIEWS = YES;
				GENERATE_INFOPLIST_FILE = YES;
				INFOPLIST_FILE = "custom-font-Info.plist";
				INFOPLIST_KEY_UIApplicationSceneManifest_Generation = YES;
				INFOPLIST_KEY_UIApplicationSupportsIndirectInputEvents = YES;
				INFOPLIST_KEY_UILaunchScreen_Generation = YES;
				INFOPLIST_KEY_UISupportedInterfaceOrientations_iPad = "UIInterfaceOrientationPortrait UIInterfaceOrientationPortraitUpsideDown UIInterfaceOrientationLandscapeLeft UIInterfaceOrientationLandscapeRight";
				INFOPLIST_KEY_UISupportedInterfaceOrientations_iPhone = "UIInterfaceOrientationPortrait UIInterfaceOrientationLandscapeLeft UIInterfaceOrientationLandscapeRight";
				LD_RUNPATH_SEARCH_PATHS = (
					"$(inherited)",
					"@executable_path/Frameworks",
				);
				MARKETING_VERSION = 1.0;
				PRODUCT_BUNDLE_IDENTIFIER = "duy.custom-font";
				PRODUCT_NAME = "$(TARGET_NAME)";
				SWIFT_EMIT_LOC_STRINGS = YES;
				SWIFT_VERSION = 5.0;
				TARGETED_DEVICE_FAMILY = "1,2";
			};
			name = Release;
		};
		6689A2502AB2F30F006FC450 /* Debug */ = {
			isa = XCBuildConfiguration;
			buildSettings = {
				ALWAYS_EMBED_SWIFT_STANDARD_LIBRARIES = YES;
				BUNDLE_LOADER = "$(TEST_HOST)";
				CODE_SIGN_STYLE = Automatic;
				CURRENT_PROJECT_VERSION = 1;
				GENERATE_INFOPLIST_FILE = YES;
				IPHONEOS_DEPLOYMENT_TARGET = 16.4;
				MARKETING_VERSION = 1.0;
				PRODUCT_BUNDLE_IDENTIFIER = "duy.custom-fontTests";
				PRODUCT_NAME = "$(TARGET_NAME)";
				SWIFT_EMIT_LOC_STRINGS = NO;
				SWIFT_VERSION = 5.0;
				TARGETED_DEVICE_FAMILY = "1,2";
				TEST_HOST = "$(BUILT_PRODUCTS_DIR)/custom_font.app/$(BUNDLE_EXECUTABLE_FOLDER_PATH)/custom_font";
			};
			name = Debug;
		};
		6689A2512AB2F30F006FC450 /* Release */ = {
			isa = XCBuildConfiguration;
			buildSettings = {
				ALWAYS_EMBED_SWIFT_STANDARD_LIBRARIES = YES;
				BUNDLE_LOADER = "$(TEST_HOST)";
				CODE_SIGN_STYLE = Automatic;
				CURRENT_PROJECT_VERSION = 1;
				GENERATE_INFOPLIST_FILE = YES;
				IPHONEOS_DEPLOYMENT_TARGET = 16.4;
				MARKETING_VERSION = 1.0;
				PRODUCT_BUNDLE_IDENTIFIER = "duy.custom-fontTests";
				PRODUCT_NAME = "$(TARGET_NAME)";
				SWIFT_EMIT_LOC_STRINGS = NO;
				SWIFT_VERSION = 5.0;
				TARGETED_DEVICE_FAMILY = "1,2";
				TEST_HOST = "$(BUILT_PRODUCTS_DIR)/custom_font.app/$(BUNDLE_EXECUTABLE_FOLDER_PATH)/custom_font";
			};
			name = Release;
		};
		6689A2532AB2F30F006FC450 /* Debug */ = {
			isa = XCBuildConfiguration;
			buildSettings = {
				ALWAYS_EMBED_SWIFT_STANDARD_LIBRARIES = YES;
				CODE_SIGN_STYLE = Automatic;
				CURRENT_PROJECT_VERSION = 1;
				GENERATE_INFOPLIST_FILE = YES;
				MARKETING_VERSION = 1.0;
				PRODUCT_BUNDLE_IDENTIFIER = "duy.custom-fontUITests";
				PRODUCT_NAME = "$(TARGET_NAME)";
				SWIFT_EMIT_LOC_STRINGS = NO;
				SWIFT_VERSION = 5.0;
				TARGETED_DEVICE_FAMILY = "1,2";
				TEST_TARGET_NAME = custom_font;
			};
			name = Debug;
		};
		6689A2542AB2F30F006FC450 /* Release */ = {
			isa = XCBuildConfiguration;
			buildSettings = {
				ALWAYS_EMBED_SWIFT_STANDARD_LIBRARIES = YES;
				CODE_SIGN_STYLE = Automatic;
				CURRENT_PROJECT_VERSION = 1;
				GENERATE_INFOPLIST_FILE = YES;
				MARKETING_VERSION = 1.0;
				PRODUCT_BUNDLE_IDENTIFIER = "duy.custom-fontUITests";
				PRODUCT_NAME = "$(TARGET_NAME)";
				SWIFT_EMIT_LOC_STRINGS = NO;
				SWIFT_VERSION = 5.0;
				TARGETED_DEVICE_FAMILY = "1,2";
				TEST_TARGET_NAME = custom_font;
			};
			name = Release;
		};
/* End XCBuildConfiguration section */

/* Begin XCConfigurationList section */
		6689A2232AB2F30D006FC450 /* Build configuration list for PBXProject "custom_font" */ = {
			isa = XCConfigurationList;
			buildConfigurations = (
				6689A24A2AB2F30E006FC450 /* Debug */,
				6689A24B2AB2F30E006FC450 /* Release */,
			);
			defaultConfigurationIsVisible = 0;
			defaultConfigurationName = Release;
		};
		6689A24C2AB2F30F006FC450 /* Build configuration list for PBXNativeTarget "custom_font" */ = {
			isa = XCConfigurationList;
			buildConfigurations = (
				6689A24D2AB2F30F006FC450 /* Debug */,
				6689A24E2AB2F30F006FC450 /* Release */,
			);
			defaultConfigurationIsVisible = 0;
			defaultConfigurationName = Release;
		};
		6689A24F2AB2F30F006FC450 /* Build configuration list for PBXNativeTarget "custom_fontTests" */ = {
			isa = XCConfigurationList;
			buildConfigurations = (
				6689A2502AB2F30F006FC450 /* Debug */,
				6689A2512AB2F30F006FC450 /* Release */,
			);
			defaultConfigurationIsVisible = 0;
			defaultConfigurationName = Release;
		};
		6689A2522AB2F30F006FC450 /* Build configuration list for PBXNativeTarget "custom_fontUITests" */ = {
			isa = XCConfigurationList;
			buildConfigurations = (
				6689A2532AB2F30F006FC450 /* Debug */,
				6689A2542AB2F30F006FC450 /* Release */,
			);
			defaultConfigurationIsVisible = 0;
			defaultConfigurationName = Release;
		};
/* End XCConfigurationList section */
	};
	rootObject = 6689A2202AB2F30D006FC450 /* Project object */;
}
