// !$*UTF8*$!
{
	archiveVersion = 1;
	classes = {
	};
	objectVersion = 56;
	objects = {

/* Begin PBXBuildFile section */
		666B5D6E2AAE2428002BECAB /* MyView.swift in Sources */ = {isa = PBXBuildFile; fileRef = 666B5D6D2AAE2428002BECAB /* MyView.swift */; };
		66985A732AACD692007729C2 /* ReservationApp.swift in Sources */ = {isa = PBXBuildFile; fileRef = 66985A722AACD692007729C2 /* ReservationApp.swift */; };
		66985A752AACD692007729C2 /* ContentView.swift in Sources */ = {isa = PBXBuildFile; fileRef = 66985A742AACD692007729C2 /* ContentView.swift */; };
		66985A772AACD693007729C2 /* Assets.xcassets in Resources */ = {isa = PBXBuildFile; fileRef = 66985A762AACD693007729C2 /* Assets.xcassets */; };
		66985A7A2AACD693007729C2 /* Preview Assets.xcassets in Resources */ = {isa = PBXBuildFile; fileRef = 66985A792AACD693007729C2 /* Preview Assets.xcassets */; };
		66985A842AACD693007729C2 /* ReservationTests.swift in Sources */ = {isa = PBXBuildFile; fileRef = 66985A832AACD693007729C2 /* ReservationTests.swift */; };
		66985A8E2AACD693007729C2 /* ReservationUITests.swift in Sources */ = {isa = PBXBuildFile; fileRef = 66985A8D2AACD693007729C2 /* ReservationUITests.swift */; };
		66985A902AACD693007729C2 /* ReservationUITestsLaunchTests.swift in Sources */ = {isa = PBXBuildFile; fileRef = 66985A8F2AACD693007729C2 /* ReservationUITestsLaunchTests.swift */; };
/* End PBXBuildFile section */

/* Begin PBXContainerItemProxy section */
		66985A802AACD693007729C2 /* PBXContainerItemProxy */ = {
			isa = PBXContainerItemProxy;
			containerPortal = 66985A672AACD692007729C2 /* Project object */;
			proxyType = 1;
			remoteGlobalIDString = 66985A6E2AACD692007729C2;
			remoteInfo = Reservation;
		};
		66985A8A2AACD693007729C2 /* PBXContainerItemProxy */ = {
			isa = PBXContainerItemProxy;
			containerPortal = 66985A672AACD692007729C2 /* Project object */;
			proxyType = 1;
			remoteGlobalIDString = 66985A6E2AACD692007729C2;
			remoteInfo = Reservation;
		};
/* End PBXContainerItemProxy section */

/* Begin PBXFileReference section */
		666B5D6D2AAE2428002BECAB /* MyView.swift */ = {isa = PBXFileReference; lastKnownFileType = sourcecode.swift; path = MyView.swift; sourceTree = "<group>"; };
		66985A6F2AACD692007729C2 /* Reservation.app */ = {isa = PBXFileReference; explicitFileType = wrapper.application; includeInIndex = 0; path = Reservation.app; sourceTree = BUILT_PRODUCTS_DIR; };
		66985A722AACD692007729C2 /* ReservationApp.swift */ = {isa = PBXFileReference; lastKnownFileType = sourcecode.swift; path = ReservationApp.swift; sourceTree = "<group>"; };
		66985A742AACD692007729C2 /* ContentView.swift */ = {isa = PBXFileReference; lastKnownFileType = sourcecode.swift; path = ContentView.swift; sourceTree = "<group>"; };
		66985A762AACD693007729C2 /* Assets.xcassets */ = {isa = PBXFileReference; lastKnownFileType = folder.assetcatalog; path = Assets.xcassets; sourceTree = "<group>"; };
		66985A792AACD693007729C2 /* Preview Assets.xcassets */ = {isa = PBXFileReference; lastKnownFileType = folder.assetcatalog; path = "Preview Assets.xcassets"; sourceTree = "<group>"; };
		66985A7F2AACD693007729C2 /* ReservationTests.xctest */ = {isa = PBXFileReference; explicitFileType = wrapper.cfbundle; includeInIndex = 0; path = ReservationTests.xctest; sourceTree = BUILT_PRODUCTS_DIR; };
		66985A832AACD693007729C2 /* ReservationTests.swift */ = {isa = PBXFileReference; lastKnownFileType = sourcecode.swift; path = ReservationTests.swift; sourceTree = "<group>"; };
		66985A892AACD693007729C2 /* ReservationUITests.xctest */ = {isa = PBXFileReference; explicitFileType = wrapper.cfbundle; includeInIndex = 0; path = ReservationUITests.xctest; sourceTree = BUILT_PRODUCTS_DIR; };
		66985A8D2AACD693007729C2 /* ReservationUITests.swift */ = {isa = PBXFileReference; lastKnownFileType = sourcecode.swift; path = ReservationUITests.swift; sourceTree = "<group>"; };
		66985A8F2AACD693007729C2 /* ReservationUITestsLaunchTests.swift */ = {isa = PBXFileReference; lastKnownFileType = sourcecode.swift; path = ReservationUITestsLaunchTests.swift; sourceTree = "<group>"; };
/* End PBXFileReference section */

/* Begin PBXFrameworksBuildPhase section */
		66985A6C2AACD692007729C2 /* Frameworks */ = {
			isa = PBXFrameworksBuildPhase;
			buildActionMask = 2147483647;
			files = (
			);
			runOnlyForDeploymentPostprocessing = 0;
		};
		66985A7C2AACD693007729C2 /* Frameworks */ = {
			isa = PBXFrameworksBuildPhase;
			buildActionMask = 2147483647;
			files = (
			);
			runOnlyForDeploymentPostprocessing = 0;
		};
		66985A862AACD693007729C2 /* Frameworks */ = {
			isa = PBXFrameworksBuildPhase;
			buildActionMask = 2147483647;
			files = (
			);
			runOnlyForDeploymentPostprocessing = 0;
		};
/* End PBXFrameworksBuildPhase section */

/* Begin PBXGroup section */
		66985A662AACD692007729C2 = {
			isa = PBXGroup;
			children = (
				66985A712AACD692007729C2 /* Reservation */,
				66985A822AACD693007729C2 /* ReservationTests */,
				66985A8C2AACD693007729C2 /* ReservationUITests */,
				66985A702AACD692007729C2 /* Products */,
			);
			sourceTree = "<group>";
		};
		66985A702AACD692007729C2 /* Products */ = {
			isa = PBXGroup;
			children = (
				66985A6F2AACD692007729C2 /* Reservation.app */,
				66985A7F2AACD693007729C2 /* ReservationTests.xctest */,
				66985A892AACD693007729C2 /* ReservationUITests.xctest */,
			);
			name = Products;
			sourceTree = "<group>";
		};
		66985A712AACD692007729C2 /* Reservation */ = {
			isa = PBXGroup;
			children = (
				66985A722AACD692007729C2 /* ReservationApp.swift */,
				66985A742AACD692007729C2 /* ContentView.swift */,
				666B5D6D2AAE2428002BECAB /* MyView.swift */,
				66985A762AACD693007729C2 /* Assets.xcassets */,
				66985A782AACD693007729C2 /* Preview Content */,
			);
			path = Reservation;
			sourceTree = "<group>";
		};
		66985A782AACD693007729C2 /* Preview Content */ = {
			isa = PBXGroup;
			children = (
				66985A792AACD693007729C2 /* Preview Assets.xcassets */,
			);
			path = "Preview Content";
			sourceTree = "<group>";
		};
		66985A822AACD693007729C2 /* ReservationTests */ = {
			isa = PBXGroup;
			children = (
				66985A832AACD693007729C2 /* ReservationTests.swift */,
			);
			path = ReservationTests;
			sourceTree = "<group>";
		};
		66985A8C2AACD693007729C2 /* ReservationUITests */ = {
			isa = PBXGroup;
			children = (
				66985A8D2AACD693007729C2 /* ReservationUITests.swift */,
				66985A8F2AACD693007729C2 /* ReservationUITestsLaunchTests.swift */,
			);
			path = ReservationUITests;
			sourceTree = "<group>";
		};
/* End PBXGroup section */

/* Begin PBXNativeTarget section */
		66985A6E2AACD692007729C2 /* Reservation */ = {
			isa = PBXNativeTarget;
			buildConfigurationList = 66985A932AACD693007729C2 /* Build configuration list for PBXNativeTarget "Reservation" */;
			buildPhases = (
				66985A6B2AACD692007729C2 /* Sources */,
				66985A6C2AACD692007729C2 /* Frameworks */,
				66985A6D2AACD692007729C2 /* Resources */,
			);
			buildRules = (
			);
			dependencies = (
			);
			name = Reservation;
			productName = Reservation;
			productReference = 66985A6F2AACD692007729C2 /* Reservation.app */;
			productType = "com.apple.product-type.application";
		};
		66985A7E2AACD693007729C2 /* ReservationTests */ = {
			isa = PBXNativeTarget;
			buildConfigurationList = 66985A962AACD693007729C2 /* Build configuration list for PBXNativeTarget "ReservationTests" */;
			buildPhases = (
				66985A7B2AACD693007729C2 /* Sources */,
				66985A7C2AACD693007729C2 /* Frameworks */,
				66985A7D2AACD693007729C2 /* Resources */,
			);
			buildRules = (
			);
			dependencies = (
				66985A812AACD693007729C2 /* PBXTargetDependency */,
			);
			name = ReservationTests;
			productName = ReservationTests;
			productReference = 66985A7F2AACD693007729C2 /* ReservationTests.xctest */;
			productType = "com.apple.product-type.bundle.unit-test";
		};
		66985A882AACD693007729C2 /* ReservationUITests */ = {
			isa = PBXNativeTarget;
			buildConfigurationList = 66985A992AACD693007729C2 /* Build configuration list for PBXNativeTarget "ReservationUITests" */;
			buildPhases = (
				66985A852AACD693007729C2 /* Sources */,
				66985A862AACD693007729C2 /* Frameworks */,
				66985A872AACD693007729C2 /* Resources */,
			);
			buildRules = (
			);
			dependencies = (
				66985A8B2AACD693007729C2 /* PBXTargetDependency */,
			);
			name = ReservationUITests;
			productName = ReservationUITests;
			productReference = 66985A892AACD693007729C2 /* ReservationUITests.xctest */;
			productType = "com.apple.product-type.bundle.ui-testing";
		};
/* End PBXNativeTarget section */

/* Begin PBXProject section */
		66985A672AACD692007729C2 /* Project object */ = {
			isa = PBXProject;
			attributes = {
				BuildIndependentTargetsInParallel = 1;
				LastSwiftUpdateCheck = 1430;
				LastUpgradeCheck = 1430;
				TargetAttributes = {
					66985A6E2AACD692007729C2 = {
						CreatedOnToolsVersion = 14.3.1;
					};
					66985A7E2AACD693007729C2 = {
						CreatedOnToolsVersion = 14.3.1;
						TestTargetID = 66985A6E2AACD692007729C2;
					};
					66985A882AACD693007729C2 = {
						CreatedOnToolsVersion = 14.3.1;
						TestTargetID = 66985A6E2AACD692007729C2;
					};
				};
			};
			buildConfigurationList = 66985A6A2AACD692007729C2 /* Build configuration list for PBXProject "Reservation" */;
			compatibilityVersion = "Xcode 14.0";
			developmentRegion = en;
			hasScannedForEncodings = 0;
			knownRegions = (
				en,
				Base,
			);
			mainGroup = 66985A662AACD692007729C2;
			productRefGroup = 66985A702AACD692007729C2 /* Products */;
			projectDirPath = "";
			projectRoot = "";
			targets = (
				66985A6E2AACD692007729C2 /* Reservation */,
				66985A7E2AACD693007729C2 /* ReservationTests */,
				66985A882AACD693007729C2 /* ReservationUITests */,
			);
		};
/* End PBXProject section */

/* Begin PBXResourcesBuildPhase section */
		66985A6D2AACD692007729C2 /* Resources */ = {
			isa = PBXResourcesBuildPhase;
			buildActionMask = 2147483647;
			files = (
				66985A7A2AACD693007729C2 /* Preview Assets.xcassets in Resources */,
				66985A772AACD693007729C2 /* Assets.xcassets in Resources */,
			);
			runOnlyForDeploymentPostprocessing = 0;
		};
		66985A7D2AACD693007729C2 /* Resources */ = {
			isa = PBXResourcesBuildPhase;
			buildActionMask = 2147483647;
			files = (
			);
			runOnlyForDeploymentPostprocessing = 0;
		};
		66985A872AACD693007729C2 /* Resources */ = {
			isa = PBXResourcesBuildPhase;
			buildActionMask = 2147483647;
			files = (
			);
			runOnlyForDeploymentPostprocessing = 0;
		};
/* End PBXResourcesBuildPhase section */

/* Begin PBXSourcesBuildPhase section */
		66985A6B2AACD692007729C2 /* Sources */ = {
			isa = PBXSourcesBuildPhase;
			buildActionMask = 2147483647;
			files = (
				666B5D6E2AAE2428002BECAB /* MyView.swift in Sources */,
				66985A752AACD692007729C2 /* ContentView.swift in Sources */,
				66985A732AACD692007729C2 /* ReservationApp.swift in Sources */,
			);
			runOnlyForDeploymentPostprocessing = 0;
		};
		66985A7B2AACD693007729C2 /* Sources */ = {
			isa = PBXSourcesBuildPhase;
			buildActionMask = 2147483647;
			files = (
				66985A842AACD693007729C2 /* ReservationTests.swift in Sources */,
			);
			runOnlyForDeploymentPostprocessing = 0;
		};
		66985A852AACD693007729C2 /* Sources */ = {
			isa = PBXSourcesBuildPhase;
			buildActionMask = 2147483647;
			files = (
				66985A8E2AACD693007729C2 /* ReservationUITests.swift in Sources */,
				66985A902AACD693007729C2 /* ReservationUITestsLaunchTests.swift in Sources */,
			);
			runOnlyForDeploymentPostprocessing = 0;
		};
/* End PBXSourcesBuildPhase section */

/* Begin PBXTargetDependency section */
		66985A812AACD693007729C2 /* PBXTargetDependency */ = {
			isa = PBXTargetDependency;
			target = 66985A6E2AACD692007729C2 /* Reservation */;
			targetProxy = 66985A802AACD693007729C2 /* PBXContainerItemProxy */;
		};
		66985A8B2AACD693007729C2 /* PBXTargetDependency */ = {
			isa = PBXTargetDependency;
			target = 66985A6E2AACD692007729C2 /* Reservation */;
			targetProxy = 66985A8A2AACD693007729C2 /* PBXContainerItemProxy */;
		};
/* End PBXTargetDependency section */

/* Begin XCBuildConfiguration section */
		66985A912AACD693007729C2 /* Debug */ = {
			isa = XCBuildConfiguration;
			buildSettings = {
				ALWAYS_SEARCH_USER_PATHS = NO;
				CLANG_ANALYZER_NONNULL = YES;
				CLANG_ANALYZER_NUMBER_OBJECT_CONVERSION = YES_AGGRESSIVE;
				CLANG_CXX_LANGUAGE_STANDARD = "gnu++20";
				CLANG_ENABLE_MODULES = YES;
				CLANG_ENABLE_OBJC_ARC = YES;
				CLANG_ENABLE_OBJC_WEAK = YES;
				CLANG_WARN_BLOCK_CAPTURE_AUTORELEASING = YES;
				CLANG_WARN_BOOL_CONVERSION = YES;
				CLANG_WARN_COMMA = YES;
				CLANG_WARN_CONSTANT_CONVERSION = YES;
				CLANG_WARN_DEPRECATED_OBJC_IMPLEMENTATIONS = YES;
				CLANG_WARN_DIRECT_OBJC_ISA_USAGE = YES_ERROR;
				CLANG_WARN_DOCUMENTATION_COMMENTS = YES;
				CLANG_WARN_EMPTY_BODY = YES;
				CLANG_WARN_ENUM_CONVERSION = YES;
				CLANG_WARN_INFINITE_RECURSION = YES;
				CLANG_WARN_INT_CONVERSION = YES;
				CLANG_WARN_NON_LITERAL_NULL_CONVERSION = YES;
				CLANG_WARN_OBJC_IMPLICIT_RETAIN_SELF = YES;
				CLANG_WARN_OBJC_LITERAL_CONVERSION = YES;
				CLANG_WARN_OBJC_ROOT_CLASS = YES_ERROR;
				CLANG_WARN_QUOTED_INCLUDE_IN_FRAMEWORK_HEADER = YES;
				CLANG_WARN_RANGE_LOOP_ANALYSIS = YES;
				CLANG_WARN_STRICT_PROTOTYPES = YES;
				CLANG_WARN_SUSPICIOUS_MOVE = YES;
				CLANG_WARN_UNGUARDED_AVAILABILITY = YES_AGGRESSIVE;
				CLANG_WARN_UNREACHABLE_CODE = YES;
				CLANG_WARN__DUPLICATE_METHOD_MATCH = YES;
				COPY_PHASE_STRIP = NO;
				DEBUG_INFORMATION_FORMAT = dwarf;
				ENABLE_STRICT_OBJC_MSGSEND = YES;
				ENABLE_TESTABILITY = YES;
				GCC_C_LANGUAGE_STANDARD = gnu11;
				GCC_DYNAMIC_NO_PIC = NO;
				GCC_NO_COMMON_BLOCKS = YES;
				GCC_OPTIMIZATION_LEVEL = 0;
				GCC_PREPROCESSOR_DEFINITIONS = (
					"DEBUG=1",
					"$(inherited)",
				);
				GCC_WARN_64_TO_32_BIT_CONVERSION = YES;
				GCC_WARN_ABOUT_RETURN_TYPE = YES_ERROR;
				GCC_WARN_UNDECLARED_SELECTOR = YES;
				GCC_WARN_UNINITIALIZED_AUTOS = YES_AGGRESSIVE;
				GCC_WARN_UNUSED_FUNCTION = YES;
				GCC_WARN_UNUSED_VARIABLE = YES;
				IPHONEOS_DEPLOYMENT_TARGET = 16.4;
				MTL_ENABLE_DEBUG_INFO = INCLUDE_SOURCE;
				MTL_FAST_MATH = YES;
				ONLY_ACTIVE_ARCH = YES;
				SDKROOT = iphoneos;
				SWIFT_ACTIVE_COMPILATION_CONDITIONS = DEBUG;
				SWIFT_OPTIMIZATION_LEVEL = "-Onone";
			};
			name = Debug;
		};
		66985A922AACD693007729C2 /* Release */ = {
			isa = XCBuildConfiguration;
			buildSettings = {
				ALWAYS_SEARCH_USER_PATHS = NO;
				CLANG_ANALYZER_NONNULL = YES;
				CLANG_ANALYZER_NUMBER_OBJECT_CONVERSION = YES_AGGRESSIVE;
				CLANG_CXX_LANGUAGE_STANDARD = "gnu++20";
				CLANG_ENABLE_MODULES = YES;
				CLANG_ENABLE_OBJC_ARC = YES;
				CLANG_ENABLE_OBJC_WEAK = YES;
				CLANG_WARN_BLOCK_CAPTURE_AUTORELEASING = YES;
				CLANG_WARN_BOOL_CONVERSION = YES;
				CLANG_WARN_COMMA = YES;
				CLANG_WARN_CONSTANT_CONVERSION = YES;
				CLANG_WARN_DEPRECATED_OBJC_IMPLEMENTATIONS = YES;
				CLANG_WARN_DIRECT_OBJC_ISA_USAGE = YES_ERROR;
				CLANG_WARN_DOCUMENTATION_COMMENTS = YES;
				CLANG_WARN_EMPTY_BODY = YES;
				CLANG_WARN_ENUM_CONVERSION = YES;
				CLANG_WARN_INFINITE_RECURSION = YES;
				CLANG_WARN_INT_CONVERSION = YES;
				CLANG_WARN_NON_LITERAL_NULL_CONVERSION = YES;
				CLANG_WARN_OBJC_IMPLICIT_RETAIN_SELF = YES;
				CLANG_WARN_OBJC_LITERAL_CONVERSION = YES;
				CLANG_WARN_OBJC_ROOT_CLASS = YES_ERROR;
				CLANG_WARN_QUOTED_INCLUDE_IN_FRAMEWORK_HEADER = YES;
				CLANG_WARN_RANGE_LOOP_ANALYSIS = YES;
				CLANG_WARN_STRICT_PROTOTYPES = YES;
				CLANG_WARN_SUSPICIOUS_MOVE = YES;
				CLANG_WARN_UNGUARDED_AVAILABILITY = YES_AGGRESSIVE;
				CLANG_WARN_UNREACHABLE_CODE = YES;
				CLANG_WARN__DUPLICATE_METHOD_MATCH = YES;
				COPY_PHASE_STRIP = NO;
				DEBUG_INFORMATION_FORMAT = "dwarf-with-dsym";
				ENABLE_NS_ASSERTIONS = NO;
				ENABLE_STRICT_OBJC_MSGSEND = YES;
				GCC_C_LANGUAGE_STANDARD = gnu11;
				GCC_NO_COMMON_BLOCKS = YES;
				GCC_WARN_64_TO_32_BIT_CONVERSION = YES;
				GCC_WARN_ABOUT_RETURN_TYPE = YES_ERROR;
				GCC_WARN_UNDECLARED_SELECTOR = YES;
				GCC_WARN_UNINITIALIZED_AUTOS = YES_AGGRESSIVE;
				GCC_WARN_UNUSED_FUNCTION = YES;
				GCC_WARN_UNUSED_VARIABLE = YES;
				IPHONEOS_DEPLOYMENT_TARGET = 16.4;
				MTL_ENABLE_DEBUG_INFO = NO;
				MTL_FAST_MATH = YES;
				SDKROOT = iphoneos;
				SWIFT_COMPILATION_MODE = wholemodule;
				SWIFT_OPTIMIZATION_LEVEL = "-O";
				VALIDATE_PRODUCT = YES;
			};
			name = Release;
		};
		66985A942AACD693007729C2 /* Debug */ = {
			isa = XCBuildConfiguration;
			buildSettings = {
				ASSETCATALOG_COMPILER_APPICON_NAME = AppIcon;
				ASSETCATALOG_COMPILER_GLOBAL_ACCENT_COLOR_NAME = AccentColor;
				CODE_SIGN_STYLE = Automatic;
				CURRENT_PROJECT_VERSION = 1;
				DEVELOPMENT_ASSET_PATHS = "\"Reservation/Preview Content\"";
				ENABLE_PREVIEWS = YES;
				GENERATE_INFOPLIST_FILE = YES;
				INFOPLIST_KEY_UIApplicationSceneManifest_Generation = YES;
				INFOPLIST_KEY_UIApplicationSupportsIndirectInputEvents = YES;
				INFOPLIST_KEY_UILaunchScreen_Generation = YES;
				INFOPLIST_KEY_UISupportedInterfaceOrientations_iPad = "UIInterfaceOrientationPortrait UIInterfaceOrientationPortraitUpsideDown UIInterfaceOrientationLandscapeLeft UIInterfaceOrientationLandscapeRight";
				INFOPLIST_KEY_UISupportedInterfaceOrientations_iPhone = "UIInterfaceOrientationPortrait UIInterfaceOrientationLandscapeLeft UIInterfaceOrientationLandscapeRight";
				LD_RUNPATH_SEARCH_PATHS = (
					"$(inherited)",
					"@executable_path/Frameworks",
				);
				MARKETING_VERSION = 1.0;
				PRODUCT_BUNDLE_IDENTIFIER = duy.Reservation;
				PRODUCT_NAME = "$(TARGET_NAME)";
				SWIFT_EMIT_LOC_STRINGS = YES;
				SWIFT_VERSION = 5.0;
				TARGETED_DEVICE_FAMILY = "1,2";
			};
			name = Debug;
		};
		66985A952AACD693007729C2 /* Release */ = {
			isa = XCBuildConfiguration;
			buildSettings = {
				ASSETCATALOG_COMPILER_APPICON_NAME = AppIcon;
				ASSETCATALOG_COMPILER_GLOBAL_ACCENT_COLOR_NAME = AccentColor;
				CODE_SIGN_STYLE = Automatic;
				CURRENT_PROJECT_VERSION = 1;
				DEVELOPMENT_ASSET_PATHS = "\"Reservation/Preview Content\"";
				ENABLE_PREVIEWS = YES;
				GENERATE_INFOPLIST_FILE = YES;
				INFOPLIST_KEY_UIApplicationSceneManifest_Generation = YES;
				INFOPLIST_KEY_UIApplicationSupportsIndirectInputEvents = YES;
				INFOPLIST_KEY_UILaunchScreen_Generation = YES;
				INFOPLIST_KEY_UISupportedInterfaceOrientations_iPad = "UIInterfaceOrientationPortrait UIInterfaceOrientationPortraitUpsideDown UIInterfaceOrientationLandscapeLeft UIInterfaceOrientationLandscapeRight";
				INFOPLIST_KEY_UISupportedInterfaceOrientations_iPhone = "UIInterfaceOrientationPortrait UIInterfaceOrientationLandscapeLeft UIInterfaceOrientationLandscapeRight";
				LD_RUNPATH_SEARCH_PATHS = (
					"$(inherited)",
					"@executable_path/Frameworks",
				);
				MARKETING_VERSION = 1.0;
				PRODUCT_BUNDLE_IDENTIFIER = duy.Reservation;
				PRODUCT_NAME = "$(TARGET_NAME)";
				SWIFT_EMIT_LOC_STRINGS = YES;
				SWIFT_VERSION = 5.0;
				TARGETED_DEVICE_FAMILY = "1,2";
			};
			name = Release;
		};
		66985A972AACD693007729C2 /* Debug */ = {
			isa = XCBuildConfiguration;
			buildSettings = {
				ALWAYS_EMBED_SWIFT_STANDARD_LIBRARIES = YES;
				BUNDLE_LOADER = "$(TEST_HOST)";
				CODE_SIGN_STYLE = Automatic;
				CURRENT_PROJECT_VERSION = 1;
				GENERATE_INFOPLIST_FILE = YES;
				IPHONEOS_DEPLOYMENT_TARGET = 16.4;
				MARKETING_VERSION = 1.0;
				PRODUCT_BUNDLE_IDENTIFIER = duy.ReservationTests;
				PRODUCT_NAME = "$(TARGET_NAME)";
				SWIFT_EMIT_LOC_STRINGS = NO;
				SWIFT_VERSION = 5.0;
				TARGETED_DEVICE_FAMILY = "1,2";
				TEST_HOST = "$(BUILT_PRODUCTS_DIR)/Reservation.app/$(BUNDLE_EXECUTABLE_FOLDER_PATH)/Reservation";
			};
			name = Debug;
		};
		66985A982AACD693007729C2 /* Release */ = {
			isa = XCBuildConfiguration;
			buildSettings = {
				ALWAYS_EMBED_SWIFT_STANDARD_LIBRARIES = YES;
				BUNDLE_LOADER = "$(TEST_HOST)";
				CODE_SIGN_STYLE = Automatic;
				CURRENT_PROJECT_VERSION = 1;
				GENERATE_INFOPLIST_FILE = YES;
				IPHONEOS_DEPLOYMENT_TARGET = 16.4;
				MARKETING_VERSION = 1.0;
				PRODUCT_BUNDLE_IDENTIFIER = duy.ReservationTests;
				PRODUCT_NAME = "$(TARGET_NAME)";
				SWIFT_EMIT_LOC_STRINGS = NO;
				SWIFT_VERSION = 5.0;
				TARGETED_DEVICE_FAMILY = "1,2";
				TEST_HOST = "$(BUILT_PRODUCTS_DIR)/Reservation.app/$(BUNDLE_EXECUTABLE_FOLDER_PATH)/Reservation";
			};
			name = Release;
		};
		66985A9A2AACD693007729C2 /* Debug */ = {
			isa = XCBuildConfiguration;
			buildSettings = {
				ALWAYS_EMBED_SWIFT_STANDARD_LIBRARIES = YES;
				CODE_SIGN_STYLE = Automatic;
				CURRENT_PROJECT_VERSION = 1;
				GENERATE_INFOPLIST_FILE = YES;
				MARKETING_VERSION = 1.0;
				PRODUCT_BUNDLE_IDENTIFIER = duy.ReservationUITests;
				PRODUCT_NAME = "$(TARGET_NAME)";
				SWIFT_EMIT_LOC_STRINGS = NO;
				SWIFT_VERSION = 5.0;
				TARGETED_DEVICE_FAMILY = "1,2";
				TEST_TARGET_NAME = Reservation;
			};
			name = Debug;
		};
		66985A9B2AACD693007729C2 /* Release */ = {
			isa = XCBuildConfiguration;
			buildSettings = {
				ALWAYS_EMBED_SWIFT_STANDARD_LIBRARIES = YES;
				CODE_SIGN_STYLE = Automatic;
				CURRENT_PROJECT_VERSION = 1;
				GENERATE_INFOPLIST_FILE = YES;
				MARKETING_VERSION = 1.0;
				PRODUCT_BUNDLE_IDENTIFIER = duy.ReservationUITests;
				PRODUCT_NAME = "$(TARGET_NAME)";
				SWIFT_EMIT_LOC_STRINGS = NO;
				SWIFT_VERSION = 5.0;
				TARGETED_DEVICE_FAMILY = "1,2";
				TEST_TARGET_NAME = Reservation;
			};
			name = Release;
		};
/* End XCBuildConfiguration section */

/* Begin XCConfigurationList section */
		66985A6A2AACD692007729C2 /* Build configuration list for PBXProject "Reservation" */ = {
			isa = XCConfigurationList;
			buildConfigurations = (
				66985A912AACD693007729C2 /* Debug */,
				66985A922AACD693007729C2 /* Release */,
			);
			defaultConfigurationIsVisible = 0;
			defaultConfigurationName = Release;
		};
		66985A932AACD693007729C2 /* Build configuration list for PBXNativeTarget "Reservation" */ = {
			isa = XCConfigurationList;
			buildConfigurations = (
				66985A942AACD693007729C2 /* Debug */,
				66985A952AACD693007729C2 /* Release */,
			);
			defaultConfigurationIsVisible = 0;
			defaultConfigurationName = Release;
		};
		66985A962AACD693007729C2 /* Build configuration list for PBXNativeTarget "ReservationTests" */ = {
			isa = XCConfigurationList;
			buildConfigurations = (
				66985A972AACD693007729C2 /* Debug */,
				66985A982AACD693007729C2 /* Release */,
			);
			defaultConfigurationIsVisible = 0;
			defaultConfigurationName = Release;
		};
		66985A992AACD693007729C2 /* Build configuration list for PBXNativeTarget "ReservationUITests" */ = {
			isa = XCConfigurationList;
			buildConfigurations = (
				66985A9A2AACD693007729C2 /* Debug */,
				66985A9B2AACD693007729C2 /* Release */,
			);
			defaultConfigurationIsVisible = 0;
			defaultConfigurationName = Release;
		};
/* End XCConfigurationList section */
	};
	rootObject = 66985A672AACD692007729C2 /* Project object */;
}
